
Microsoft Visual Studio Solution File, Format Version 12.00
# Visual Studio Version 17
VisualStudioVersion = 17.3.32929.385
MinimumVisualStudioVersion = 10.0.40219.1
Project("{FAE04EC0-301F-11D3-BF4B-00C04F79EFBC}") = "StudentProgramCsharp", "StudentProgramCsharp\StudentProgramCsharp.csproj", "{C7CD3BFD-1731-44B6-99D9-72A8F6534307}"
EndProject
Global
	GlobalSection(SolutionConfigurationPlatforms) = preSolution
		Debug|Any CPU = Debug|Any CPU
		Release|Any CPU = Release|Any CPU
	EndGlobalSection
	GlobalSection(ProjectConfigurationPlatforms) = postSolution
		{C7CD3BFD-1731-44B6-99D9-72A8F6534307}.Debug|Any CPU.ActiveCfg = Release|Any CPU
		{C7CD3BFD-1731-44B6-99D9-72A8F6534307}.Debug|Any CPU.Build.0 = Release|Any CPU
		{C7CD3BFD-1731-44B6-99D9-72A8F6534307}.Release|Any CPU.ActiveCfg = Release|Any CPU
		{C7CD3BFD-1731-44B6-99D9-72A8F6534307}.Release|Any CPU.Build.0 = Release|Any CPU
	EndGlobalSection
	GlobalSection(SolutionProperties) = preSolution
		HideSolutionNode = FALSE
	EndGlobalSection
	GlobalSection(ExtensibilityGlobals) = postSolution
		SolutionGuid = {BE17D40E-8E3F-465D-A3E3-760C1A9FF9AA}
	EndGlobalSection
EndGlobal
